
Microsoft Visual Studio Solution File, Format Version 12.00
# Visual Studio Version 16
VisualStudioVersion = 16.0.30621.155
MinimumVisualStudioVersion = 10.0.40219.1
Project("{FAE04EC0-301F-11D3-BF4B-00C04F79EFBC}") = "Abstracion-Interfaces", "Abstracion-Interfaces.csproj", "{A7727AF6-8115-4952-85F0-CDFAB0449D64}"
EndProject
Project("{2150E333-8FDC-42A3-9474-1A3956D46DE8}") = "Solution Items", "Solution Items", "{DA907B77-4379-4AEF-9501-778693336464}"
	ProjectSection(SolutionItems) = preProject
		..\..\..\HerenciaPolimorfismo\App.config = ..\..\..\HerenciaPolimorfismo\App.config
	EndProjectSection
EndProject
Global
	GlobalSection(SolutionConfigurationPlatforms) = preSolution
		Debug|Any CPU = Debug|Any CPU
		Release|Any CPU = Release|Any CPU
	EndGlobalSection
	GlobalSection(ProjectConfigurationPlatforms) = postSolution
		{A7727AF6-8115-4952-85F0-CDFAB0449D64}.Debug|Any CPU.ActiveCfg = Debug|Any CPU
		{A7727AF6-8115-4952-85F0-CDFAB0449D64}.Debug|Any CPU.Build.0 = Debug|Any CPU
		{A7727AF6-8115-4952-85F0-CDFAB0449D64}.Release|Any CPU.ActiveCfg = Release|Any CPU
		{A7727AF6-8115-4952-85F0-CDFAB0449D64}.Release|Any CPU.Build.0 = Release|Any CPU
	EndGlobalSection
	GlobalSection(SolutionProperties) = preSolution
		HideSolutionNode = FALSE
	EndGlobalSection
	GlobalSection(ExtensibilityGlobals) = postSolution
		SolutionGuid = {BAC5FF94-AD8D-4045-8628-C1FE28C301D3}
	EndGlobalSection
EndGlobal
